version = 1
revision = 3
requires-python = ">=3.14"

[[package]]
name = "librt"
version = "0.7.8"
source = { registry = "https://pypi.org/simple" }
sdist = { url = "https://files.pythonhosted.org/packages/e7/24/5f3646ff414285e0f7708fa4e946b9bf538345a41d1c375c439467721a5e/librt-0.7.8.tar.gz", hash = "sha256:1a4ede613941d9c3470b0368be851df6bb78ab218635512d0370b27a277a0862", size = 148323, upload-time = "2026-01-14T12:56:16.876Z" }
wheels = [
    { url = "https://files.pythonhosted.org/packages/1a/73/fa8814c6ce2d49c3827829cadaa1589b0bf4391660bd4510899393a23ebc/librt-0.7.8-cp314-cp314-macosx_10_13_x86_64.whl", hash = "sha256:be927c3c94c74b05128089a955fba86501c3b544d1d300282cc1b4bd370cb418", size = 57049, upload-time = "2026-01-14T12:55:35.056Z" },
    { url = "https://files.pythonhosted.org/packages/53/fe/f6c70956da23ea235fd2e3cc16f4f0b4ebdfd72252b02d1164dd58b4e6c3/librt-0.7.8-cp314-cp314-macosx_11_0_arm64.whl", hash = "sha256:7b0803e9008c62a7ef79058233db7ff6f37a9933b8f2573c05b07ddafa226611", size = 58689, upload-time = "2026-01-14T12:55:36.078Z" },
    { url = "https://files.pythonhosted.org/packages/1f/4d/7a2481444ac5fba63050d9abe823e6bc16896f575bfc9c1e5068d516cdce/librt-0.7.8-cp314-cp314-manylinux1_i686.manylinux_2_28_i686.manylinux_2_5_i686.whl", hash = "sha256:79feb4d00b2a4e0e05c9c56df707934f41fcb5fe53fd9efb7549068d0495b758", size = 166808, upload-time = "2026-01-14T12:55:37.595Z" },
    { url = "https://files.pythonhosted.org/packages/ac/3c/10901d9e18639f8953f57c8986796cfbf4c1c514844a41c9197cf87cb707/librt-0.7.8-cp314-cp314-manylinux2014_aarch64.manylinux_2_17_aarch64.manylinux_2_28_aarch64.whl", hash = "sha256:b9122094e3f24aa759c38f46bd8863433820654927370250f460ae75488b66ea", size = 175614, upload-time = "2026-01-14T12:55:38.756Z" },
    { url = "https://files.pythonhosted.org/packages/db/01/5cbdde0951a5090a80e5ba44e6357d375048123c572a23eecfb9326993a7/librt-0.7.8-cp314-cp314-manylinux2014_x86_64.manylinux_2_17_x86_64.manylinux_2_28_x86_64.whl", hash = "sha256:7e03bea66af33c95ce3addf87a9bf1fcad8d33e757bc479957ddbc0e4f7207ac", size = 189955, upload-time = "2026-01-14T12:55:39.939Z" },
    { url = "https://files.pythonhosted.org/packages/6a/b4/e80528d2f4b7eaf1d437fcbd6fc6ba4cbeb3e2a0cb9ed5a79f47c7318706/librt-0.7.8-cp314-cp314-musllinux_1_2_aarch64.whl", hash = "sha256:f1ade7f31675db00b514b98f9ab9a7698c7282dad4be7492589109471852d398", size = 189370, upload-time = "2026-01-14T12:55:41.057Z" },
    { url = "https://files.pythonhosted.org/packages/c1/ab/938368f8ce31a9787ecd4becb1e795954782e4312095daf8fd22420227c8/librt-0.7.8-cp314-cp314-musllinux_1_2_i686.whl", hash = "sha256:a14229ac62adcf1b90a15992f1ab9c69ae8b99ffb23cb64a90878a6e8a2f5b81", size = 183224, upload-time = "2026-01-14T12:55:42.328Z" },
    { url = "https://files.pythonhosted.org/packages/3c/10/559c310e7a6e4014ac44867d359ef8238465fb499e7eb31b6bfe3e3f86f5/librt-0.7.8-cp314-cp314-musllinux_1_2_x86_64.whl", hash = "sha256:5bcaaf624fd24e6a0cb14beac37677f90793a96864c67c064a91458611446e83", size = 203541, upload-time = "2026-01-14T12:55:43.501Z" },
    { url = "https://files.pythonhosted.org/packages/f8/db/a0db7acdb6290c215f343835c6efda5b491bb05c3ddc675af558f50fdba3/librt-0.7.8-cp314-cp314-win32.whl", hash = "sha256:7aa7d5457b6c542ecaed79cec4ad98534373c9757383973e638ccced0f11f46d", size = 40657, upload-time = "2026-01-14T12:55:44.668Z" },
    { url = "https://files.pythonhosted.org/packages/72/e0/4f9bdc2a98a798511e81edcd6b54fe82767a715e05d1921115ac70717f6f/librt-0.7.8-cp314-cp314-win_amd64.whl", hash = "sha256:3d1322800771bee4a91f3b4bd4e49abc7d35e65166821086e5afd1e6c0d9be44", size = 46835, upload-time = "2026-01-14T12:55:45.655Z" },
    { url = "https://files.pythonhosted.org/packages/f9/3d/59c6402e3dec2719655a41ad027a7371f8e2334aa794ed11533ad5f34969/librt-0.7.8-cp314-cp314-win_arm64.whl", hash = "sha256:5363427bc6a8c3b1719f8f3845ea53553d301382928a86e8fab7984426949bce", size = 39885, upload-time = "2026-01-14T12:55:47.138Z" },
    { url = "https://files.pythonhosted.org/packages/4e/9c/2481d80950b83085fb14ba3c595db56330d21bbc7d88a19f20165f3538db/librt-0.7.8-cp314-cp314t-macosx_10_13_x86_64.whl", hash = "sha256:ca916919793a77e4a98d4a1701e345d337ce53be4a16620f063191f7322ac80f", size = 59161, upload-time = "2026-01-14T12:55:48.45Z" },
    { url = "https://files.pythonhosted.org/packages/96/79/108df2cfc4e672336765d54e3ff887294c1cc36ea4335c73588875775527/librt-0.7.8-cp314-cp314t-macosx_11_0_arm64.whl", hash = "sha256:54feb7b4f2f6706bb82325e836a01be805770443e2400f706e824e91f6441dde", size = 61008, upload-time = "2026-01-14T12:55:49.527Z" },
    { url = "https://files.pythonhosted.org/packages/46/f2/30179898f9994a5637459d6e169b6abdc982012c0a4b2d4c26f50c06f911/librt-0.7.8-cp314-cp314t-manylinux1_i686.manylinux_2_28_i686.manylinux_2_5_i686.whl", hash = "sha256:39a4c76fee41007070f872b648cc2f711f9abf9a13d0c7162478043377b52c8e", size = 187199, upload-time = "2026-01-14T12:55:50.587Z" },
    { url = "https://files.pythonhosted.org/packages/b4/da/f7563db55cebdc884f518ba3791ad033becc25ff68eb70902b1747dc0d70/librt-0.7.8-cp314-cp314t-manylinux2014_aarch64.manylinux_2_17_aarch64.manylinux_2_28_aarch64.whl", hash = "sha256:ac9c8a458245c7de80bc1b9765b177055efff5803f08e548dd4bb9ab9a8d789b", size = 198317, upload-time = "2026-01-14T12:55:51.991Z" },
    { url = "https://files.pythonhosted.org/packages/b3/6c/4289acf076ad371471fa86718c30ae353e690d3de6167f7db36f429272f1/librt-0.7.8-cp314-cp314t-manylinux2014_x86_64.manylinux_2_17_x86_64.manylinux_2_28_x86_64.whl", hash = "sha256:95b67aa7eff150f075fda09d11f6bfb26edffd300f6ab1666759547581e8f666", size = 210334, upload-time = "2026-01-14T12:55:53.682Z" },
    { url = "https://files.pythonhosted.org/packages/4a/7f/377521ac25b78ac0a5ff44127a0360ee6d5ddd3ce7327949876a30533daa/librt-0.7.8-cp314-cp314t-musllinux_1_2_aarch64.whl", hash = "sha256:535929b6eff670c593c34ff435d5440c3096f20fa72d63444608a5aef64dd581", size = 211031, upload-time = "2026-01-14T12:55:54.827Z" },
    { url = "https://files.pythonhosted.org/packages/c5/b1/e1e96c3e20b23d00cf90f4aad48f0deb4cdfec2f0ed8380d0d85acf98bbf/librt-0.7.8-cp314-cp314t-musllinux_1_2_i686.whl", hash = "sha256:63937bd0f4d1cb56653dc7ae900d6c52c41f0015e25aaf9902481ee79943b33a", size = 204581, upload-time = "2026-01-14T12:55:56.811Z" },
    { url = "https://files.pythonhosted.org/packages/43/71/0f5d010e92ed9747e14bef35e91b6580533510f1e36a8a09eb79ee70b2f0/librt-0.7.8-cp314-cp314t-musllinux_1_2_x86_64.whl", hash = "sha256:cf243da9e42d914036fd362ac3fa77d80a41cadcd11ad789b1b5eec4daaf67ca", size = 224731, upload-time = "2026-01-14T12:55:58.175Z" },
    { url = "https://files.pythonhosted.org/packages/22/f0/07fb6ab5c39a4ca9af3e37554f9d42f25c464829254d72e4ebbd81da351c/librt-0.7.8-cp314-cp314t-win32.whl", hash = "sha256:171ca3a0a06c643bd0a2f62a8944e1902c94aa8e5da4db1ea9a8daf872685365", size = 41173, upload-time = "2026-01-14T12:55:59.315Z" },
    { url = "https://files.pythonhosted.org/packages/24/d4/7e4be20993dc6a782639625bd2f97f3c66125c7aa80c82426956811cfccf/librt-0.7.8-cp314-cp314t-win_amd64.whl", hash = "sha256:445b7304145e24c60288a2f172b5ce2ca35c0f81605f5299f3fa567e189d2e32", size = 47668, upload-time = "2026-01-14T12:56:00.261Z" },
    { url = "https://files.pythonhosted.org/packages/fc/85/69f92b2a7b3c0f88ffe107c86b952b397004b5b8ea5a81da3d9c04c04422/librt-0.7.8-cp314-cp314t-win_arm64.whl", hash = "sha256:8766ece9de08527deabcd7cb1b4f1a967a385d26e33e536d6d8913db6ef74f06", size = 40550, upload-time = "2026-01-14T12:56:01.542Z" },
]

[[package]]
name = "mypy"
version = "1.19.1"
source = { registry = "https://pypi.org/simple" }
dependencies = [
    { name = "librt", marker = "platform_python_implementation != 'PyPy'" },
    { name = "mypy-extensions" },
    { name = "pathspec" },
    { name = "typing-extensions" },
]
sdist = { url = "https://files.pythonhosted.org/packages/f5/db/4efed9504bc01309ab9c2da7e352cc223569f05478012b5d9ece38fd44d2/mypy-1.19.1.tar.gz", hash = "sha256:19d88bb05303fe63f71dd2c6270daca27cb9401c4ca8255fe50d1d920e0eb9ba", size = 3582404, upload-time = "2025-12-15T05:03:48.42Z" }
wheels = [
    { url = "https://files.pythonhosted.org/packages/de/eb/b83e75f4c820c4247a58580ef86fcd35165028f191e7e1ba57128c52782d/mypy-1.19.1-cp314-cp314-macosx_10_15_x86_64.whl", hash = "sha256:06e6170bd5836770e8104c8fdd58e5e725cfeb309f0a6c681a811f557e97eac1", size = 13199744, upload-time = "2025-12-15T05:03:30.823Z" },
    { url = "https://files.pythonhosted.org/packages/94/28/52785ab7bfa165f87fcbb61547a93f98bb20e7f82f90f165a1f69bce7b3d/mypy-1.19.1-cp314-cp314-macosx_11_0_arm64.whl", hash = "sha256:804bd67b8054a85447c8954215a906d6eff9cabeabe493fb6334b24f4bfff718", size = 12215815, upload-time = "2025-12-15T05:02:42.323Z" },
    { url = "https://files.pythonhosted.org/packages/0a/c6/bdd60774a0dbfb05122e3e925f2e9e846c009e479dcec4821dad881f5b52/mypy-1.19.1-cp314-cp314-manylinux2014_aarch64.manylinux_2_17_aarch64.manylinux_2_28_aarch64.whl", hash = "sha256:21761006a7f497cb0d4de3d8ef4ca70532256688b0523eee02baf9eec895e27b", size = 12740047, upload-time = "2025-12-15T05:03:33.168Z" },
    { url = "https://files.pythonhosted.org/packages/32/2a/66ba933fe6c76bd40d1fe916a83f04fed253152f451a877520b3c4a5e41e/mypy-1.19.1-cp314-cp314-manylinux2014_x86_64.manylinux_2_17_x86_64.manylinux_2_28_x86_64.whl", hash = "sha256:28902ee51f12e0f19e1e16fbe2f8f06b6637f482c459dd393efddd0ec7f82045", size = 13601998, upload-time = "2025-12-15T05:03:13.056Z" },
    { url = "https://files.pythonhosted.org/packages/e3/da/5055c63e377c5c2418760411fd6a63ee2b96cf95397259038756c042574f/mypy-1.19.1-cp314-cp314-musllinux_1_2_x86_64.whl", hash = "sha256:481daf36a4c443332e2ae9c137dfee878fcea781a2e3f895d54bd3002a900957", size = 13807476, upload-time = "2025-12-15T05:03:17.977Z" },
    { url = "https://files.pythonhosted.org/packages/cd/09/4ebd873390a063176f06b0dbf1f7783dd87bd120eae7727fa4ae4179b685/mypy-1.19.1-cp314-cp314-win_amd64.whl", hash = "sha256:8bb5c6f6d043655e055be9b542aa5f3bdd30e4f3589163e85f93f3640060509f", size = 10281872, upload-time = "2025-12-15T05:03:05.549Z" },
    { url = "https://files.pythonhosted.org/packages/8d/f4/4ce9a05ce5ded1de3ec1c1d96cf9f9504a04e54ce0ed55cfa38619a32b8d/mypy-1.19.1-py3-none-any.whl", hash = "sha256:f1235f5ea01b7db5468d53ece6aaddf1ad0b88d9e7462b86ef96fe04995d7247", size = 2471239, upload-time = "2025-12-15T05:03:07.248Z" },
]

[[package]]
name = "mypy-extensions"
version = "1.1.0"
source = { registry = "https://pypi.org/simple" }
sdist = { url = "https://files.pythonhosted.org/packages/a2/6e/371856a3fb9d31ca8dac321cda606860fa4548858c0cc45d9d1d4ca2628b/mypy_extensions-1.1.0.tar.gz", hash = "sha256:52e68efc3284861e772bbcd66823fde5ae21fd2fdb51c62a211403730b916558", size = 6343, upload-time = "2025-04-22T14:54:24.164Z" }
wheels = [
    { url = "https://files.pythonhosted.org/packages/79/7b/2c79738432f5c924bef5071f933bcc9efd0473bac3b4aa584a6f7c1c8df8/mypy_extensions-1.1.0-py3-none-any.whl", hash = "sha256:1be4cccdb0f2482337c4743e60421de3a356cd97508abadd57d47403e94f5505", size = 4963, upload-time = "2025-04-22T14:54:22.983Z" },
]

[[package]]
name = "nodeenv"
version = "1.10.0"
source = { registry = "https://pypi.org/simple" }
sdist = { url = "https://files.pythonhosted.org/packages/24/bf/d1bda4f6168e0b2e9e5958945e01910052158313224ada5ce1fb2e1113b8/nodeenv-1.10.0.tar.gz", hash = "sha256:996c191ad80897d076bdfba80a41994c2b47c68e224c542b48feba42ba00f8bb", size = 55611, upload-time = "2025-12-20T14:08:54.006Z" }
wheels = [
    { url = "https://files.pythonhosted.org/packages/88/b2/d0896bdcdc8d28a7fc5717c305f1a861c26e18c05047949fb371034d98bd/nodeenv-1.10.0-py2.py3-none-any.whl", hash = "sha256:5bb13e3eed2923615535339b3c620e76779af4cb4c6a90deccc9e36b274d3827", size = 23438, upload-time = "2025-12-20T14:08:52.782Z" },
]

[[package]]
name = "pathspec"
version = "1.0.3"
source = { registry = "https://pypi.org/simple" }
sdist = { url = "https://files.pythonhosted.org/packages/4c/b2/bb8e495d5262bfec41ab5cb18f522f1012933347fb5d9e62452d446baca2/pathspec-1.0.3.tar.gz", hash = "sha256:bac5cf97ae2c2876e2d25ebb15078eb04d76e4b98921ee31c6f85ade8b59444d", size = 130841, upload-time = "2026-01-09T15:46:46.009Z" }
wheels = [
    { url = "https://files.pythonhosted.org/packages/32/2b/121e912bd60eebd623f873fd090de0e84f322972ab25a7f9044c056804ed/pathspec-1.0.3-py3-none-any.whl", hash = "sha256:e80767021c1cc524aa3fb14bedda9c34406591343cc42797b386ce7b9354fb6c", size = 55021, upload-time = "2026-01-09T15:46:44.652Z" },
]

[[package]]
name = "pyrefly"
version = "0.48.1"
source = { registry = "https://pypi.org/simple" }
sdist = { url = "https://files.pythonhosted.org/packages/5b/d3/ba71f21375a4bed0280550c30569ca6b6dda3f00b4dea57af5e40b2131e7/pyrefly-0.48.1.tar.gz", hash = "sha256:12646e5f0fff3abcf896b8c2655c7cd67f2cafea2a20e5524747f8cf6e9a9a7c", size = 4815864, upload-time = "2026-01-15T21:28:43.37Z" }
wheels = [
    { url = "https://files.pythonhosted.org/packages/a2/03/1e7cfa95c9022ebbfbe16e94e13940af7714570400a80e7b2b4ef36d5d1c/pyrefly-0.48.1-py3-none-macosx_10_12_x86_64.whl", hash = "sha256:7b14143970b59391318525abf062e9381bb994b87c42b917a3e760fe6e52dbde", size = 11633027, upload-time = "2026-01-15T21:28:24.486Z" },
    { url = "https://files.pythonhosted.org/packages/d0/11/f8055eb08a9d09943691530832001f9906fbcb85dcb4a5228c6858e33257/pyrefly-0.48.1-py3-none-macosx_11_0_arm64.whl", hash = "sha256:72e2740390c04bf107b2d56579fd20147fe00e029d4404d0aae458b9519eb728", size = 11241582, upload-time = "2026-01-15T21:28:26.38Z" },
    { url = "https://files.pythonhosted.org/packages/6b/a8/c0321b9cc365b84e27b40489a4ea35db23475ad78aa56dcd1bbae2478d9f/pyrefly-0.48.1-py3-none-manylinux_2_17_aarch64.manylinux2014_aarch64.whl", hash = "sha256:6f5ac49d989e8c226bed42933280ea6c5d00576883e201c97dac70198bec0130", size = 31695982, upload-time = "2026-01-15T21:28:28.421Z" },
    { url = "https://files.pythonhosted.org/packages/05/0b/bb53a87dbcabba55378f121c14d8ad328a317b199e882bcea6bc96752475/pyrefly-0.48.1-py3-none-manylinux_2_17_i686.manylinux2014_i686.whl", hash = "sha256:7d52aeb1e47c3b01c4fa4677f74b90ba89942dea897f7691342306943286c718", size = 33913670, upload-time = "2026-01-15T21:28:31.306Z" },
    { url = "https://files.pythonhosted.org/packages/a8/7a/c4a258b0373937bb42dbe1441d6912f16b8d6dd7349c79b6a001ae9f355e/pyrefly-0.48.1-py3-none-manylinux_2_17_x86_64.manylinux2014_x86_64.whl", hash = "sha256:2ec97182151d89c36073ffbc7e4a740ce48ce3c96021272b92eb6a543db9c3cd", size = 35014621, upload-time = "2026-01-15T21:28:34.517Z" },
    { url = "https://files.pythonhosted.org/packages/fa/2e/1831b5c1a5b06a2413a4a1594b268176208ce8aae2a6b76b184273902a82/pyrefly-0.48.1-py3-none-win32.whl", hash = "sha256:10dd796f8dd8b812e94447ba3e7f56b6de9f3ec39112839facfbe885f121a749", size = 10671590, upload-time = "2026-01-15T21:28:37.177Z" },
    { url = "https://files.pythonhosted.org/packages/25/ae/4f62adc8dce530ce214028f01a2b128824c90647ab3b934ee17633ac3901/pyrefly-0.48.1-py3-none-win_amd64.whl", hash = "sha256:69c912b1bb6d78d821167ea6f840b125349dc172e00d66038807b13961972464", size = 11405958, upload-time = "2026-01-15T21:28:39.103Z" },
    { url = "https://files.pythonhosted.org/packages/15/7c/559dc2171d5fe77ee26042049242aac45f52fa5f4b93f23acd571d1b0a07/pyrefly-0.48.1-py3-none-win_arm64.whl", hash = "sha256:7d1ef69a1f2e44795274f89eea40381cd54d7144dff62451227e9328d0401428", size = 10957824, upload-time = "2026-01-15T21:28:41.027Z" },
]

[[package]]
name = "pyright"
version = "1.1.408"
source = { registry = "https://pypi.org/simple" }
dependencies = [
    { name = "nodeenv" },
    { name = "typing-extensions" },
]
sdist = { url = "https://files.pythonhosted.org/packages/74/b2/5db700e52554b8f025faa9c3c624c59f1f6c8841ba81ab97641b54322f16/pyright-1.1.408.tar.gz", hash = "sha256:f28f2321f96852fa50b5829ea492f6adb0e6954568d1caa3f3af3a5f555eb684", size = 4400578, upload-time = "2026-01-08T08:07:38.795Z" }
wheels = [
    { url = "https://files.pythonhosted.org/packages/0c/82/a2c93e32800940d9573fb28c346772a14778b84ba7524e691b324620ab89/pyright-1.1.408-py3-none-any.whl", hash = "sha256:090b32865f4fdb1e0e6cd82bf5618480d48eecd2eb2e70f960982a3d9a4c17c1", size = 6399144, upload-time = "2026-01-08T08:07:37.082Z" },
]

[[package]]
name = "typing-extensions"
version = "4.15.0"
source = { registry = "https://pypi.org/simple" }
sdist = { url = "https://files.pythonhosted.org/packages/72/94/1a15dd82efb362ac84269196e94cf00f187f7ed21c242792a923cdb1c61f/typing_extensions-4.15.0.tar.gz", hash = "sha256:0cea48d173cc12fa28ecabc3b837ea3cf6f38c6d1136f85cbaaf598984861466", size = 109391, upload-time = "2025-08-25T13:49:26.313Z" }
wheels = [
    { url = "https://files.pythonhosted.org/packages/18/67/36e9267722cc04a6b9f15c7f3441c2363321a3ea07da7ae0c0707beb2a9c/typing_extensions-4.15.0-py3-none-any.whl", hash = "sha256:f0fa19c6845758ab08074a0cfa8b7aecb71c999ca73d62883bc25cc018c4e548", size = 44614, upload-time = "2025-08-25T13:49:24.86Z" },
]

[[package]]
name = "wrapt"
version = "2.0.1"
source = { registry = "https://pypi.org/simple" }
sdist = { url = "https://files.pythonhosted.org/packages/49/2a/6de8a50cb435b7f42c46126cf1a54b2aab81784e74c8595c8e025e8f36d3/wrapt-2.0.1.tar.gz", hash = "sha256:9c9c635e78497cacb81e84f8b11b23e0aacac7a136e73b8e5b2109a1d9fc468f", size = 82040, upload-time = "2025-11-07T00:45:33.312Z" }
wheels = [
    { url = "https://files.pythonhosted.org/packages/73/81/d08d83c102709258e7730d3cd25befd114c60e43ef3891d7e6877971c514/wrapt-2.0.1-cp314-cp314-macosx_10_13_universal2.whl", hash = "sha256:5e53b428f65ece6d9dad23cb87e64506392b720a0b45076c05354d27a13351a1", size = 78290, upload-time = "2025-11-07T00:44:34.691Z" },
    { url = "https://files.pythonhosted.org/packages/f6/14/393afba2abb65677f313aa680ff0981e829626fed39b6a7e3ec807487790/wrapt-2.0.1-cp314-cp314-macosx_10_13_x86_64.whl", hash = "sha256:ad3ee9d0f254851c71780966eb417ef8e72117155cff04821ab9b60549694a55", size = 61255, upload-time = "2025-11-07T00:44:35.762Z" },
    { url = "https://files.pythonhosted.org/packages/c4/10/a4a1f2fba205a9462e36e708ba37e5ac95f4987a0f1f8fd23f0bf1fc3b0f/wrapt-2.0.1-cp314-cp314-macosx_11_0_arm64.whl", hash = "sha256:d7b822c61ed04ee6ad64bc90d13368ad6eb094db54883b5dde2182f67a7f22c0", size = 61797, upload-time = "2025-11-07T00:44:37.22Z" },
    { url = "https://files.pythonhosted.org/packages/12/db/99ba5c37cf1c4fad35349174f1e38bd8d992340afc1ff27f526729b98986/wrapt-2.0.1-cp314-cp314-manylinux1_x86_64.manylinux_2_28_x86_64.manylinux_2_5_x86_64.whl", hash = "sha256:7164a55f5e83a9a0b031d3ffab4d4e36bbec42e7025db560f225489fa929e509", size = 120470, upload-time = "2025-11-07T00:44:39.425Z" },
    { url = "https://files.pythonhosted.org/packages/30/3f/a1c8d2411eb826d695fc3395a431757331582907a0ec59afce8fe8712473/wrapt-2.0.1-cp314-cp314-manylinux2014_aarch64.manylinux_2_17_aarch64.manylinux_2_28_aarch64.whl", hash = "sha256:e60690ba71a57424c8d9ff28f8d006b7ad7772c22a4af432188572cd7fa004a1", size = 122851, upload-time = "2025-11-07T00:44:40.582Z" },
    { url = "https://files.pythonhosted.org/packages/b3/8d/72c74a63f201768d6a04a8845c7976f86be6f5ff4d74996c272cefc8dafc/wrapt-2.0.1-cp314-cp314-manylinux_2_31_riscv64.manylinux_2_39_riscv64.whl", hash = "sha256:3cd1a4bd9a7a619922a8557e1318232e7269b5fb69d4ba97b04d20450a6bf970", size = 117433, upload-time = "2025-11-07T00:44:38.313Z" },
    { url = "https://files.pythonhosted.org/packages/c7/5a/df37cf4042cb13b08256f8e27023e2f9b3d471d553376616591bb99bcb31/wrapt-2.0.1-cp314-cp314-musllinux_1_2_aarch64.whl", hash = "sha256:b4c2e3d777e38e913b8ce3a6257af72fb608f86a1df471cb1d4339755d0a807c", size = 121280, upload-time = "2025-11-07T00:44:41.69Z" },
    { url = "https://files.pythonhosted.org/packages/54/34/40d6bc89349f9931e1186ceb3e5fbd61d307fef814f09fbbac98ada6a0c8/wrapt-2.0.1-cp314-cp314-musllinux_1_2_riscv64.whl", hash = "sha256:3d366aa598d69416b5afedf1faa539fac40c1d80a42f6b236c88c73a3c8f2d41", size = 116343, upload-time = "2025-11-07T00:44:43.013Z" },
    { url = "https://files.pythonhosted.org/packages/70/66/81c3461adece09d20781dee17c2366fdf0cb8754738b521d221ca056d596/wrapt-2.0.1-cp314-cp314-musllinux_1_2_x86_64.whl", hash = "sha256:c235095d6d090aa903f1db61f892fffb779c1eaeb2a50e566b52001f7a0f66ed", size = 119650, upload-time = "2025-11-07T00:44:44.523Z" },
    { url = "https://files.pythonhosted.org/packages/46/3a/d0146db8be8761a9e388cc9cc1c312b36d583950ec91696f19bbbb44af5a/wrapt-2.0.1-cp314-cp314-win32.whl", hash = "sha256:bfb5539005259f8127ea9c885bdc231978c06b7a980e63a8a61c8c4c979719d0", size = 58701, upload-time = "2025-11-07T00:44:48.277Z" },
    { url = "https://files.pythonhosted.org/packages/1a/38/5359da9af7d64554be63e9046164bd4d8ff289a2dd365677d25ba3342c08/wrapt-2.0.1-cp314-cp314-win_amd64.whl", hash = "sha256:4ae879acc449caa9ed43fc36ba08392b9412ee67941748d31d94e3cedb36628c", size = 60947, upload-time = "2025-11-07T00:44:46.086Z" },
    { url = "https://files.pythonhosted.org/packages/aa/3f/96db0619276a833842bf36343685fa04f987dd6e3037f314531a1e00492b/wrapt-2.0.1-cp314-cp314-win_arm64.whl", hash = "sha256:8639b843c9efd84675f1e100ed9e99538ebea7297b62c4b45a7042edb84db03e", size = 59359, upload-time = "2025-11-07T00:44:47.164Z" },
    { url = "https://files.pythonhosted.org/packages/71/49/5f5d1e867bf2064bf3933bc6cf36ade23505f3902390e175e392173d36a2/wrapt-2.0.1-cp314-cp314t-macosx_10_13_universal2.whl", hash = "sha256:9219a1d946a9b32bb23ccae66bdb61e35c62773ce7ca6509ceea70f344656b7b", size = 82031, upload-time = "2025-11-07T00:44:49.4Z" },
    { url = "https://files.pythonhosted.org/packages/2b/89/0009a218d88db66ceb83921e5685e820e2c61b59bbbb1324ba65342668bc/wrapt-2.0.1-cp314-cp314t-macosx_10_13_x86_64.whl", hash = "sha256:fa4184e74197af3adad3c889a1af95b53bb0466bced92ea99a0c014e48323eec", size = 62952, upload-time = "2025-11-07T00:44:50.74Z" },
    { url = "https://files.pythonhosted.org/packages/ae/18/9b968e920dd05d6e44bcc918a046d02afea0fb31b2f1c80ee4020f377cbe/wrapt-2.0.1-cp314-cp314t-macosx_11_0_arm64.whl", hash = "sha256:c5ef2f2b8a53b7caee2f797ef166a390fef73979b15778a4a153e4b5fedce8fa", size = 63688, upload-time = "2025-11-07T00:44:52.248Z" },
    { url = "https://files.pythonhosted.org/packages/a6/7d/78bdcb75826725885d9ea26c49a03071b10c4c92da93edda612910f150e4/wrapt-2.0.1-cp314-cp314t-manylinux1_x86_64.manylinux_2_28_x86_64.manylinux_2_5_x86_64.whl", hash = "sha256:e042d653a4745be832d5aa190ff80ee4f02c34b21f4b785745eceacd0907b815", size = 152706, upload-time = "2025-11-07T00:44:54.613Z" },
    { url = "https://files.pythonhosted.org/packages/dd/77/cac1d46f47d32084a703df0d2d29d47e7eb2a7d19fa5cbca0e529ef57659/wrapt-2.0.1-cp314-cp314t-manylinux2014_aarch64.manylinux_2_17_aarch64.manylinux_2_28_aarch64.whl", hash = "sha256:2afa23318136709c4b23d87d543b425c399887b4057936cd20386d5b1422b6fa", size = 158866, upload-time = "2025-11-07T00:44:55.79Z" },
    { url = "https://files.pythonhosted.org/packages/8a/11/b521406daa2421508903bf8d5e8b929216ec2af04839db31c0a2c525eee0/wrapt-2.0.1-cp314-cp314t-manylinux_2_31_riscv64.manylinux_2_39_riscv64.whl", hash = "sha256:6c72328f668cf4c503ffcf9434c2b71fdd624345ced7941bc6693e61bbe36bef", size = 146148, upload-time = "2025-11-07T00:44:53.388Z" },
    { url = "https://files.pythonhosted.org/packages/0c/c0/340b272bed297baa7c9ce0c98ef7017d9c035a17a6a71dce3184b8382da2/wrapt-2.0.1-cp314-cp314t-musllinux_1_2_aarch64.whl", hash = "sha256:3793ac154afb0e5b45d1233cb94d354ef7a983708cc3bb12563853b1d8d53747", size = 155737, upload-time = "2025-11-07T00:44:56.971Z" },
    { url = "https://files.pythonhosted.org/packages/f3/93/bfcb1fb2bdf186e9c2883a4d1ab45ab099c79cbf8f4e70ea453811fa3ea7/wrapt-2.0.1-cp314-cp314t-musllinux_1_2_riscv64.whl", hash = "sha256:fec0d993ecba3991645b4857837277469c8cc4c554a7e24d064d1ca291cfb81f", size = 144451, upload-time = "2025-11-07T00:44:58.515Z" },
    { url = "https://files.pythonhosted.org/packages/d2/6b/dca504fb18d971139d232652656180e3bd57120e1193d9a5899c3c0b7cdd/wrapt-2.0.1-cp314-cp314t-musllinux_1_2_x86_64.whl", hash = "sha256:949520bccc1fa227274da7d03bf238be15389cd94e32e4297b92337df9b7a349", size = 150353, upload-time = "2025-11-07T00:44:59.753Z" },
    { url = "https://files.pythonhosted.org/packages/1d/f6/a1de4bd3653afdf91d250ca5c721ee51195df2b61a4603d4b373aa804d1d/wrapt-2.0.1-cp314-cp314t-win32.whl", hash = "sha256:be9e84e91d6497ba62594158d3d31ec0486c60055c49179edc51ee43d095f79c", size = 60609, upload-time = "2025-11-07T00:45:03.315Z" },
    { url = "https://files.pythonhosted.org/packages/01/3a/07cd60a9d26fe73efead61c7830af975dfdba8537632d410462672e4432b/wrapt-2.0.1-cp314-cp314t-win_amd64.whl", hash = "sha256:61c4956171c7434634401db448371277d07032a81cc21c599c22953374781395", size = 64038, upload-time = "2025-11-07T00:45:00.948Z" },
    { url = "https://files.pythonhosted.org/packages/41/99/8a06b8e17dddbf321325ae4eb12465804120f699cd1b8a355718300c62da/wrapt-2.0.1-cp314-cp314t-win_arm64.whl", hash = "sha256:35cdbd478607036fee40273be8ed54a451f5f23121bd9d4be515158f9498f7ad", size = 60634, upload-time = "2025-11-07T00:45:02.087Z" },
    { url = "https://files.pythonhosted.org/packages/15/d1/b51471c11592ff9c012bd3e2f7334a6ff2f42a7aed2caffcf0bdddc9cb89/wrapt-2.0.1-py3-none-any.whl", hash = "sha256:4d2ce1bf1a48c5277d7969259232b57645aae5686dba1eaeade39442277afbca", size = 44046, upload-time = "2025-11-07T00:45:32.116Z" },
]

[[package]]
name = "wrapt-type-hints"
version = "0.1.0"
source = { virtual = "." }
dependencies = [
    { name = "mypy" },
    { name = "pyrefly" },
    { name = "pyright" },
    { name = "wrapt" },
]

[package.metadata]
requires-dist = [
    { name = "mypy", specifier = ">=1.18.1" },
    { name = "pyrefly", specifier = ">=0.48.1" },
    { name = "pyright", specifier = ">=1.1.408" },
    { name = "wrapt", specifier = ">=2.0.1" },
]
